<?xml version="1.0" encoding="utf-8"?>
<Project ToolsVersion="4.0" xmlns="http://schemas.microsoft.com/developer/msbuild/2003">
  <ItemGroup>
    <Filter Include="Исходные файлы">
      <UniqueIdentifier>{4FC737F1-C7A5-4376-A066-2A32D752A2FF}</UniqueIdentifier>
      <Extensions>cpp;c;cc;cxx;c++;cppm;ixx;def;odl;idl;hpj;bat;asm;asmx</Extensions>
    </Filter>
    <Filter Include="Файлы заголовков">
      <UniqueIdentifier>{93995380-89BD-4b04-88EB-625FBE52EBFB}</UniqueIdentifier>
      <Extensions>h;hh;hpp;hxx;h++;hm;inl;inc;ipp;xsd</Extensions>
    </Filter>
    <Filter Include="Файлы ресурсов">
      <UniqueIdentifier>{67DA6AB6-F800-4c08-8B7A-83BB121AAD01}</UniqueIdentifier>
      <Extensions>rc;ico;cur;bmp;dlg;rc2;rct;bin;rgs;gif;jpg;jpeg;jpe;resx;tiff;tif;png;wav;mfcribbon-ms</Extensions>
    </Filter>
    <Filter Include="Исходные файлы\Semantic">
      <UniqueIdentifier>{eb7f7616-a7eb-48ec-8841-e5306b8baf72}</UniqueIdentifier>
    </Filter>
    <Filter Include="Файлы заголовков\Semantic">
      <UniqueIdentifier>{66f27428-3b67-49a2-90c7-d3ff9e5dab78}</UniqueIdentifier>
    </Filter>
    <Filter Include="Файлы заголовков\Triads">
      <UniqueIdentifier>{98497ce7-d3b4-41f3-ba36-02c2db721c1a}</UniqueIdentifier>
    </Filter>
    <Filter Include="Файлы заголовков\Assembler">
      <UniqueIdentifier>{7dedecfa-78bd-4293-9168-2181ec5aa143}</UniqueIdentifier>
    </Filter>
    <Filter Include="Исходные файлы\Assembler">
      <UniqueIdentifier>{ed2789a0-fd04-4882-ba59-ba11abc651d9}</UniqueIdentifier>
    </Filter>
  </ItemGroup>
  <ItemGroup>
    <ClCompile Include="Analizer.cpp">
      <Filter>Исходные файлы</Filter>
    </ClCompile>
    <ClCompile Include="Clip.cpp">
      <Filter>Исходные файлы</Filter>
    </ClCompile>
    <ClCompile Include="Scanner.cpp">
      <Filter>Исходные файлы</Filter>
    </ClCompile>
    <ClCompile Include="Lexems.cpp">
      <Filter>Исходные файлы</Filter>
    </ClCompile>
    <ClCompile Include="SemanticTree.cpp">
      <Filter>Исходные файлы\Semantic</Filter>
    </ClCompile>
    <ClCompile Include="Translate.cpp">
      <Filter>Исходные файлы\Semantic</Filter>
    </ClCompile>
    <ClCompile Include="TriadGenerator.cpp">
      <Filter>Исходные файлы</Filter>
    </ClCompile>
    <ClCompile Include="Errors.cpp">
      <Filter>Исходные файлы</Filter>
    </ClCompile>
    <ClCompile Include="Assempler.cpp">
      <Filter>Исходные файлы\Assembler</Filter>
    </ClCompile>
    <ClCompile Include="ProcesMdel.cpp">
      <Filter>Исходные файлы</Filter>
    </ClCompile>
    <ClCompile Include="ProcessorModule.cpp">
      <Filter>Исходные файлы\Assembler</Filter>
    </ClCompile>
  </ItemGroup>
  <ItemGroup>
    <ClInclude Include="Clip.h">
      <Filter>Файлы заголовков</Filter>
    </ClInclude>
    <ClInclude Include="Analizer.h">
      <Filter>Файлы заголовков</Filter>
    </ClInclude>
    <ClInclude Include="Lexems.h">
      <Filter>Файлы заголовков</Filter>
    </ClInclude>
    <ClInclude Include="Scanner.h">
      <Filter>Файлы заголовков</Filter>
    </ClInclude>
    <ClInclude Include="SemanticTree.h">
      <Filter>Файлы заголовков\Semantic</Filter>
    </ClInclude>
    <ClInclude Include="Translate.h">
      <Filter>Файлы заголовков\Semantic</Filter>
    </ClInclude>
    <ClInclude Include="Errors.h">
      <Filter>Файлы заголовков</Filter>
    </ClInclude>
    <ClInclude Include="TriadGenerator.h">
      <Filter>Файлы заголовков\Triads</Filter>
    </ClInclude>
    <ClInclude Include="Assempler.h">
      <Filter>Файлы заголовков\Assembler</Filter>
    </ClInclude>
    <ClInclude Include="ProcesMdel.h">
      <Filter>Файлы заголовков\Assembler</Filter>
    </ClInclude>
  </ItemGroup>
</Project>